
Microsoft Visual Studio Solution File, Format Version 12.00
# Visual Studio Version 17
VisualStudioVersion = 17.0.31903.59
MinimumVisualStudioVersion = 10.0.40219.1
Project("{FAE04EC0-301F-11D3-BF4B-00C04F79EFBC}") = "ProjetoGrpc", "ProjetoGrpc\ProjetoGrpc.csproj", "{813B36C2-8969-4783-ADF6-F70833E8446A}"
EndProject
Project("{FAE04EC0-301F-11D3-BF4B-00C04F79EFBC}") = "GRPCClient", "GRPCClient\GRPCClient.csproj", "{C2011C33-0249-41A9-BE98-613531BAAFBE}"
EndProject
Global
	GlobalSection(SolutionConfigurationPlatforms) = preSolution
		Debug|Any CPU = Debug|Any CPU
		Release|Any CPU = Release|Any CPU
	EndGlobalSection
	GlobalSection(ProjectConfigurationPlatforms) = postSolution
		{813B36C2-8969-4783-ADF6-F70833E8446A}.Debug|Any CPU.ActiveCfg = Debug|Any CPU
		{813B36C2-8969-4783-ADF6-F70833E8446A}.Debug|Any CPU.Build.0 = Debug|Any CPU
		{813B36C2-8969-4783-ADF6-F70833E8446A}.Release|Any CPU.ActiveCfg = Release|Any CPU
		{813B36C2-8969-4783-ADF6-F70833E8446A}.Release|Any CPU.Build.0 = Release|Any CPU
		{C2011C33-0249-41A9-BE98-613531BAAFBE}.Debug|Any CPU.ActiveCfg = Debug|Any CPU
		{C2011C33-0249-41A9-BE98-613531BAAFBE}.Debug|Any CPU.Build.0 = Debug|Any CPU
		{C2011C33-0249-41A9-BE98-613531BAAFBE}.Release|Any CPU.ActiveCfg = Release|Any CPU
		{C2011C33-0249-41A9-BE98-613531BAAFBE}.Release|Any CPU.Build.0 = Release|Any CPU
	EndGlobalSection
	GlobalSection(SolutionProperties) = preSolution
		HideSolutionNode = FALSE
	EndGlobalSection
	GlobalSection(ExtensibilityGlobals) = postSolution
		SolutionGuid = {DE8F1815-A07B-4314-B817-1DD4423AAA21}
	EndGlobalSection
EndGlobal
